
Microsoft Visual Studio Solution File, Format Version 12.00
# Visual Studio 14
VisualStudioVersion = 14.0.25420.1
MinimumVisualStudioVersion = 10.0.40219.1
Project("{F2A71F9B-5D33-465A-A702-920D77279786}") = "FsExprCompiler.Parser", "FsExprCompiler.Parser\FsExprCompiler.Parser.fsproj", "{4A804D67-D4AF-4DFF-8475-E99C68B06510}"
EndProject
Project("{F2A71F9B-5D33-465A-A702-920D77279786}") = "FsExprCompiler.Sandbox", "FsExprCompiler.Sandbox\FsExprCompiler.Sandbox.fsproj", "{DDF4E28E-5F5B-4E52-8949-712FF5A10B5E}"
EndProject
Project("{F2A71F9B-5D33-465A-A702-920D77279786}") = "FsExprCompiler", "FsExprCompiler\FsExprCompiler.fsproj", "{90143E64-8F0E-4566-9FEB-3F8EF4202CF8}"
EndProject
Global
	GlobalSection(SolutionConfigurationPlatforms) = preSolution
		Debug|Any CPU = Debug|Any CPU
		Release|Any CPU = Release|Any CPU
	EndGlobalSection
	GlobalSection(ProjectConfigurationPlatforms) = postSolution
		{4A804D67-D4AF-4DFF-8475-E99C68B06510}.Debug|Any CPU.ActiveCfg = Debug|Any CPU
		{4A804D67-D4AF-4DFF-8475-E99C68B06510}.Debug|Any CPU.Build.0 = Debug|Any CPU
		{4A804D67-D4AF-4DFF-8475-E99C68B06510}.Release|Any CPU.ActiveCfg = Release|Any CPU
		{4A804D67-D4AF-4DFF-8475-E99C68B06510}.Release|Any CPU.Build.0 = Release|Any CPU
		{DDF4E28E-5F5B-4E52-8949-712FF5A10B5E}.Debug|Any CPU.ActiveCfg = Debug|Any CPU
		{DDF4E28E-5F5B-4E52-8949-712FF5A10B5E}.Debug|Any CPU.Build.0 = Debug|Any CPU
		{DDF4E28E-5F5B-4E52-8949-712FF5A10B5E}.Release|Any CPU.ActiveCfg = Release|Any CPU
		{DDF4E28E-5F5B-4E52-8949-712FF5A10B5E}.Release|Any CPU.Build.0 = Release|Any CPU
		{90143E64-8F0E-4566-9FEB-3F8EF4202CF8}.Debug|Any CPU.ActiveCfg = Debug|Any CPU
		{90143E64-8F0E-4566-9FEB-3F8EF4202CF8}.Debug|Any CPU.Build.0 = Debug|Any CPU
		{90143E64-8F0E-4566-9FEB-3F8EF4202CF8}.Release|Any CPU.ActiveCfg = Release|Any CPU
		{90143E64-8F0E-4566-9FEB-3F8EF4202CF8}.Release|Any CPU.Build.0 = Release|Any CPU
	EndGlobalSection
	GlobalSection(SolutionProperties) = preSolution
		HideSolutionNode = FALSE
	EndGlobalSection
EndGlobal
